
Microsoft Visual Studio Solution File, Format Version 12.00
# Visual Studio Version 17
VisualStudioVersion = 17.5.33516.290
MinimumVisualStudioVersion = 10.0.40219.1
Project("{2150E333-8FDC-42A3-9474-1A3956D46DE8}") = "Solution Items", "Solution Items", "{FE7EC506-C48F-4BA1-ADE9-A1B26219DDDC}"
EndProject
Project("{9A19103F-16F7-4668-BE54-9A1E7A4F7556}") = "Lab_1", "Lab_1\Lab_1.csproj", "{C748111A-604E-4A10-8C2E-EAE8FC2844AE}"
EndProject
Project("{9A19103F-16F7-4668-BE54-9A1E7A4F7556}") = "Lab_2", "Lab_2\Lab_2.csproj", "{CA3707A0-12F1-41C9-917D-2A0F489E54A3}"
EndProject
Project("{9A19103F-16F7-4668-BE54-9A1E7A4F7556}") = "Lab_3", "Lab_3\Lab_3.csproj", "{60995EE3-8ABB-4FB8-91C3-95CA93FDD065}"
EndProject
Project("{9A19103F-16F7-4668-BE54-9A1E7A4F7556}") = "Lab_4", "Lab_4\Lab_4.csproj", "{15644224-50F3-4C88-8FD4-451658C2A8A1}"
EndProject
Project("{9A19103F-16F7-4668-BE54-9A1E7A4F7556}") = "Lab_5", "Lab_5\Lab_5.csproj", "{FA77F308-03A9-4002-BEEC-000FA2ACA7B5}"
EndProject
Project("{9A19103F-16F7-4668-BE54-9A1E7A4F7556}") = "Lab_6", "Lab_6\Lab_6.csproj", "{B6CBF68D-1037-4BCC-A178-0A43C3937FD9}"
EndProject
Project("{9A19103F-16F7-4668-BE54-9A1E7A4F7556}") = "Lab_7", "Lab_7\Lab_7.csproj", "{30685B41-284B-470A-8E84-0BADDFC0D21A}"
EndProject
Project("{9A19103F-16F7-4668-BE54-9A1E7A4F7556}") = "Lab_8", "Lab_8\Lab_8.csproj", "{B2CE0E41-C486-4E01-87D0-07F5B3C92E3F}"
EndProject
Global
	GlobalSection(SolutionConfigurationPlatforms) = preSolution
		Debug|Any CPU = Debug|Any CPU
		Release|Any CPU = Release|Any CPU
	EndGlobalSection
	GlobalSection(ProjectConfigurationPlatforms) = postSolution
		{C748111A-604E-4A10-8C2E-EAE8FC2844AE}.Debug|Any CPU.ActiveCfg = Debug|Any CPU
		{C748111A-604E-4A10-8C2E-EAE8FC2844AE}.Debug|Any CPU.Build.0 = Debug|Any CPU
		{C748111A-604E-4A10-8C2E-EAE8FC2844AE}.Release|Any CPU.ActiveCfg = Release|Any CPU
		{C748111A-604E-4A10-8C2E-EAE8FC2844AE}.Release|Any CPU.Build.0 = Release|Any CPU
		{CA3707A0-12F1-41C9-917D-2A0F489E54A3}.Debug|Any CPU.ActiveCfg = Debug|Any CPU
		{CA3707A0-12F1-41C9-917D-2A0F489E54A3}.Debug|Any CPU.Build.0 = Debug|Any CPU
		{CA3707A0-12F1-41C9-917D-2A0F489E54A3}.Release|Any CPU.ActiveCfg = Release|Any CPU
		{CA3707A0-12F1-41C9-917D-2A0F489E54A3}.Release|Any CPU.Build.0 = Release|Any CPU
		{60995EE3-8ABB-4FB8-91C3-95CA93FDD065}.Debug|Any CPU.ActiveCfg = Debug|Any CPU
		{60995EE3-8ABB-4FB8-91C3-95CA93FDD065}.Debug|Any CPU.Build.0 = Debug|Any CPU
		{60995EE3-8ABB-4FB8-91C3-95CA93FDD065}.Release|Any CPU.ActiveCfg = Release|Any CPU
		{60995EE3-8ABB-4FB8-91C3-95CA93FDD065}.Release|Any CPU.Build.0 = Release|Any CPU
		{15644224-50F3-4C88-8FD4-451658C2A8A1}.Debug|Any CPU.ActiveCfg = Debug|Any CPU
		{15644224-50F3-4C88-8FD4-451658C2A8A1}.Debug|Any CPU.Build.0 = Debug|Any CPU
		{15644224-50F3-4C88-8FD4-451658C2A8A1}.Release|Any CPU.ActiveCfg = Release|Any CPU
		{15644224-50F3-4C88-8FD4-451658C2A8A1}.Release|Any CPU.Build.0 = Release|Any CPU
		{FA77F308-03A9-4002-BEEC-000FA2ACA7B5}.Debug|Any CPU.ActiveCfg = Debug|Any CPU
		{FA77F308-03A9-4002-BEEC-000FA2ACA7B5}.Debug|Any CPU.Build.0 = Debug|Any CPU
		{FA77F308-03A9-4002-BEEC-000FA2ACA7B5}.Release|Any CPU.ActiveCfg = Release|Any CPU
		{FA77F308-03A9-4002-BEEC-000FA2ACA7B5}.Release|Any CPU.Build.0 = Release|Any CPU
		{B6CBF68D-1037-4BCC-A178-0A43C3937FD9}.Debug|Any CPU.ActiveCfg = Debug|Any CPU
		{B6CBF68D-1037-4BCC-A178-0A43C3937FD9}.Debug|Any CPU.Build.0 = Debug|Any CPU
		{B6CBF68D-1037-4BCC-A178-0A43C3937FD9}.Release|Any CPU.ActiveCfg = Release|Any CPU
		{B6CBF68D-1037-4BCC-A178-0A43C3937FD9}.Release|Any CPU.Build.0 = Release|Any CPU
		{30685B41-284B-470A-8E84-0BADDFC0D21A}.Debug|Any CPU.ActiveCfg = Debug|Any CPU
		{30685B41-284B-470A-8E84-0BADDFC0D21A}.Debug|Any CPU.Build.0 = Debug|Any CPU
		{30685B41-284B-470A-8E84-0BADDFC0D21A}.Release|Any CPU.ActiveCfg = Release|Any CPU
		{30685B41-284B-470A-8E84-0BADDFC0D21A}.Release|Any CPU.Build.0 = Release|Any CPU
		{B2CE0E41-C486-4E01-87D0-07F5B3C92E3F}.Debug|Any CPU.ActiveCfg = Debug|Any CPU
		{B2CE0E41-C486-4E01-87D0-07F5B3C92E3F}.Debug|Any CPU.Build.0 = Debug|Any CPU
		{B2CE0E41-C486-4E01-87D0-07F5B3C92E3F}.Release|Any CPU.ActiveCfg = Release|Any CPU
		{B2CE0E41-C486-4E01-87D0-07F5B3C92E3F}.Release|Any CPU.Build.0 = Release|Any CPU
	EndGlobalSection
	GlobalSection(SolutionProperties) = preSolution
		HideSolutionNode = FALSE
	EndGlobalSection
	GlobalSection(ExtensibilityGlobals) = postSolution
		SolutionGuid = {64056A83-A10C-4CAA-9FEC-21FAEFC09AE6}
	EndGlobalSection
EndGlobal
